
Microsoft Visual Studio Solution File, Format Version 12.00
# Visual Studio 2013
VisualStudioVersion = 12.0.21005.1
MinimumVisualStudioVersion = 10.0.40219.1
Project("{FAE04EC0-301F-11D3-BF4B-00C04F79EFBC}") = "Windows_Ad_Plugin_Unity", "Windows_Ad_Plugin\Windows_Ad_Plugin_Unity.csproj", "{413F990D-97F4-4752-8BA9-F660232568BD}"
EndProject
Project("{FAE04EC0-301F-11D3-BF4B-00C04F79EFBC}") = "Windows_Ad_Plugin_WindowsPhone", "Windows_Ad_Plugin_WindowsPhone\Windows_Ad_Plugin_WindowsPhone.csproj", "{F6F53A83-11B1-4A39-B4BD-E0410F7B1AD3}"
EndProject
Project("{FAE04EC0-301F-11D3-BF4B-00C04F79EFBC}") = "Windows_Ad_Plugin__WindowsStore", "Windows_Ad_Plugin_WindowsStore\Windows_Ad_Plugin__WindowsStore.csproj", "{AAFC1BA6-22A9-4398-ACAA-2B35F4924F80}"
EndProject
Global
	GlobalSection(SolutionConfigurationPlatforms) = preSolution
		Debug|Any CPU = Debug|Any CPU
		Debug|ARM = Debug|ARM
		Debug|x64 = Debug|x64
		Debug|x86 = Debug|x86
		Release|Any CPU = Release|Any CPU
		Release|ARM = Release|ARM
		Release|x64 = Release|x64
		Release|x86 = Release|x86
	EndGlobalSection
	GlobalSection(ProjectConfigurationPlatforms) = postSolution
		{413F990D-97F4-4752-8BA9-F660232568BD}.Debug|Any CPU.ActiveCfg = Debug|Any CPU
		{413F990D-97F4-4752-8BA9-F660232568BD}.Debug|Any CPU.Build.0 = Debug|Any CPU
		{413F990D-97F4-4752-8BA9-F660232568BD}.Debug|ARM.ActiveCfg = Debug|Any CPU
		{413F990D-97F4-4752-8BA9-F660232568BD}.Debug|x64.ActiveCfg = Debug|Any CPU
		{413F990D-97F4-4752-8BA9-F660232568BD}.Debug|x86.ActiveCfg = Debug|Any CPU
		{413F990D-97F4-4752-8BA9-F660232568BD}.Release|Any CPU.ActiveCfg = Release|Any CPU
		{413F990D-97F4-4752-8BA9-F660232568BD}.Release|Any CPU.Build.0 = Release|Any CPU
		{413F990D-97F4-4752-8BA9-F660232568BD}.Release|ARM.ActiveCfg = Release|Any CPU
		{413F990D-97F4-4752-8BA9-F660232568BD}.Release|x64.ActiveCfg = Release|Any CPU
		{413F990D-97F4-4752-8BA9-F660232568BD}.Release|x86.ActiveCfg = Release|Any CPU
		{F6F53A83-11B1-4A39-B4BD-E0410F7B1AD3}.Debug|Any CPU.ActiveCfg = Debug|Any CPU
		{F6F53A83-11B1-4A39-B4BD-E0410F7B1AD3}.Debug|Any CPU.Build.0 = Debug|Any CPU
		{F6F53A83-11B1-4A39-B4BD-E0410F7B1AD3}.Debug|ARM.ActiveCfg = Debug|ARM
		{F6F53A83-11B1-4A39-B4BD-E0410F7B1AD3}.Debug|ARM.Build.0 = Debug|ARM
		{F6F53A83-11B1-4A39-B4BD-E0410F7B1AD3}.Debug|x64.ActiveCfg = Debug|Any CPU
		{F6F53A83-11B1-4A39-B4BD-E0410F7B1AD3}.Debug|x86.ActiveCfg = Debug|x86
		{F6F53A83-11B1-4A39-B4BD-E0410F7B1AD3}.Debug|x86.Build.0 = Debug|x86
		{F6F53A83-11B1-4A39-B4BD-E0410F7B1AD3}.Release|Any CPU.ActiveCfg = Release|Any CPU
		{F6F53A83-11B1-4A39-B4BD-E0410F7B1AD3}.Release|Any CPU.Build.0 = Release|Any CPU
		{F6F53A83-11B1-4A39-B4BD-E0410F7B1AD3}.Release|ARM.ActiveCfg = Release|ARM
		{F6F53A83-11B1-4A39-B4BD-E0410F7B1AD3}.Release|ARM.Build.0 = Release|ARM
		{F6F53A83-11B1-4A39-B4BD-E0410F7B1AD3}.Release|x64.ActiveCfg = Release|Any CPU
		{F6F53A83-11B1-4A39-B4BD-E0410F7B1AD3}.Release|x86.ActiveCfg = Release|x86
		{F6F53A83-11B1-4A39-B4BD-E0410F7B1AD3}.Release|x86.Build.0 = Release|x86
		{AAFC1BA6-22A9-4398-ACAA-2B35F4924F80}.Debug|Any CPU.ActiveCfg = Debug|Any CPU
		{AAFC1BA6-22A9-4398-ACAA-2B35F4924F80}.Debug|Any CPU.Build.0 = Debug|Any CPU
		{AAFC1BA6-22A9-4398-ACAA-2B35F4924F80}.Debug|ARM.ActiveCfg = Debug|ARM
		{AAFC1BA6-22A9-4398-ACAA-2B35F4924F80}.Debug|ARM.Build.0 = Debug|ARM
		{AAFC1BA6-22A9-4398-ACAA-2B35F4924F80}.Debug|x64.ActiveCfg = Debug|x64
		{AAFC1BA6-22A9-4398-ACAA-2B35F4924F80}.Debug|x64.Build.0 = Debug|x64
		{AAFC1BA6-22A9-4398-ACAA-2B35F4924F80}.Debug|x86.ActiveCfg = Debug|x86
		{AAFC1BA6-22A9-4398-ACAA-2B35F4924F80}.Debug|x86.Build.0 = Debug|x86
		{AAFC1BA6-22A9-4398-ACAA-2B35F4924F80}.Release|Any CPU.ActiveCfg = Release|Any CPU
		{AAFC1BA6-22A9-4398-ACAA-2B35F4924F80}.Release|Any CPU.Build.0 = Release|Any CPU
		{AAFC1BA6-22A9-4398-ACAA-2B35F4924F80}.Release|ARM.ActiveCfg = Release|ARM
		{AAFC1BA6-22A9-4398-ACAA-2B35F4924F80}.Release|ARM.Build.0 = Release|ARM
		{AAFC1BA6-22A9-4398-ACAA-2B35F4924F80}.Release|x64.ActiveCfg = Release|x64
		{AAFC1BA6-22A9-4398-ACAA-2B35F4924F80}.Release|x64.Build.0 = Release|x64
		{AAFC1BA6-22A9-4398-ACAA-2B35F4924F80}.Release|x86.ActiveCfg = Release|x86
		{AAFC1BA6-22A9-4398-ACAA-2B35F4924F80}.Release|x86.Build.0 = Release|x86
	EndGlobalSection
	GlobalSection(SolutionProperties) = preSolution
		HideSolutionNode = FALSE
	EndGlobalSection
EndGlobal
